
Microsoft Visual Studio Solution File, Format Version 12.00
# Visual Studio 15
VisualStudioVersion = 15.0.28010.2050
MinimumVisualStudioVersion = 10.0.40219.1
Project("{FAE04EC0-301F-11D3-BF4B-00C04F79EFBC}") = "Curso", "Curso\Curso.csproj", "{B0084DB3-F1A0-4641-9AA6-BE29B98E1AA1}"
EndProject
Global
	GlobalSection(SolutionConfigurationPlatforms) = preSolution
		Debug|Any CPU = Debug|Any CPU
		Release|Any CPU = Release|Any CPU
	EndGlobalSection
	GlobalSection(ProjectConfigurationPlatforms) = postSolution
		{B0084DB3-F1A0-4641-9AA6-BE29B98E1AA1}.Debug|Any CPU.ActiveCfg = Debug|Any CPU
		{B0084DB3-F1A0-4641-9AA6-BE29B98E1AA1}.Debug|Any CPU.Build.0 = Debug|Any CPU
		{B0084DB3-F1A0-4641-9AA6-BE29B98E1AA1}.Release|Any CPU.ActiveCfg = Release|Any CPU
		{B0084DB3-F1A0-4641-9AA6-BE29B98E1AA1}.Release|Any CPU.Build.0 = Release|Any CPU
	EndGlobalSection
	GlobalSection(SolutionProperties) = preSolution
		HideSolutionNode = FALSE
	EndGlobalSection
	GlobalSection(ExtensibilityGlobals) = postSolution
		SolutionGuid = {0B80499E-0125-46D2-B076-1460C03C03DC}
	EndGlobalSection
EndGlobal
