
Microsoft Visual Studio Solution File, Format Version 12.00
# Visual Studio 15
VisualStudioVersion = 15.0.28010.2050
MinimumVisualStudioVersion = 10.0.40219.1
Project("{FAE04EC0-301F-11D3-BF4B-00C04F79EFBC}") = "projeto06", "projeto06\projeto06.csproj", "{B8AC210A-B287-47A5-9D4D-58906F44047F}"
EndProject
Global
	GlobalSection(SolutionConfigurationPlatforms) = preSolution
		Debug|Any CPU = Debug|Any CPU
		Release|Any CPU = Release|Any CPU
	EndGlobalSection
	GlobalSection(ProjectConfigurationPlatforms) = postSolution
		{B8AC210A-B287-47A5-9D4D-58906F44047F}.Debug|Any CPU.ActiveCfg = Debug|Any CPU
		{B8AC210A-B287-47A5-9D4D-58906F44047F}.Debug|Any CPU.Build.0 = Debug|Any CPU
		{B8AC210A-B287-47A5-9D4D-58906F44047F}.Release|Any CPU.ActiveCfg = Release|Any CPU
		{B8AC210A-B287-47A5-9D4D-58906F44047F}.Release|Any CPU.Build.0 = Release|Any CPU
	EndGlobalSection
	GlobalSection(SolutionProperties) = preSolution
		HideSolutionNode = FALSE
	EndGlobalSection
	GlobalSection(ExtensibilityGlobals) = postSolution
		SolutionGuid = {FDD9D0CE-DD69-4FB1-8F2B-DFC2ACD3FFB4}
	EndGlobalSection
EndGlobal
